
Microsoft Visual Studio Solution File, Format Version 12.00
# Visual Studio Version 16
VisualStudioVersion = 16.0.31624.102
MinimumVisualStudioVersion = 10.0.40219.1
Project("{FAE04EC0-301F-11D3-BF4B-00C04F79EFBC}") = "MaterialTestTracker", "MaterialTestTracker.csproj", "{0875B175-AD81-4A1B-AD1B-44402D3B705A}"
EndProject
Global
	GlobalSection(SolutionConfigurationPlatforms) = preSolution
		Debug|Any CPU = Debug|Any CPU
		Release|Any CPU = Release|Any CPU
	EndGlobalSection
	GlobalSection(ProjectConfigurationPlatforms) = postSolution
		{0875B175-AD81-4A1B-AD1B-44402D3B705A}.Debug|Any CPU.ActiveCfg = Debug|Any CPU
		{0875B175-AD81-4A1B-AD1B-44402D3B705A}.Debug|Any CPU.Build.0 = Debug|Any CPU
		{0875B175-AD81-4A1B-AD1B-44402D3B705A}.Release|Any CPU.ActiveCfg = Release|Any CPU
		{0875B175-AD81-4A1B-AD1B-44402D3B705A}.Release|Any CPU.Build.0 = Release|Any CPU
	EndGlobalSection
	GlobalSection(SolutionProperties) = preSolution
		HideSolutionNode = FALSE
	EndGlobalSection
	GlobalSection(ExtensibilityGlobals) = postSolution
		SolutionGuid = {73B6F717-4688-4752-8AB8-2BC7117B47DF}
	EndGlobalSection
EndGlobal
